
Microsoft Visual Studio Solution File, Format Version 12.00
# Visual Studio Version 17
VisualStudioVersion = 17.6.33723.286
MinimumVisualStudioVersion = 10.0.40219.1
Project("{2150E333-8FDC-42A3-9474-1A3956D46DE8}") = "Api", "Api", "{C44C2079-4028-4ADF-9459-C49990CC59DB}"
EndProject
Project("{2150E333-8FDC-42A3-9474-1A3956D46DE8}") = "Core", "Core", "{6F0D9C1B-EA1D-4242-B3D9-093FD092CC20}"
EndProject
Project("{2150E333-8FDC-42A3-9474-1A3956D46DE8}") = "Infrastructure", "Infrastructure", "{129A7EBD-40C9-443D-8755-06E81EDF4EE7}"
EndProject
Project("{9A19103F-16F7-4668-BE54-9A1E7A4F7556}") = "Bank.Interview.Domain", "Bank.Interview.Entities\Bank.Interview.Domain.csproj", "{5F30E8FB-CE2C-4B4E-B7E7-4424A4EDF4B6}"
EndProject
Project("{9A19103F-16F7-4668-BE54-9A1E7A4F7556}") = "Bank.Interview.Application", "Bank.Interview.Application\Bank.Interview.Application.csproj", "{80A32719-9D46-4CDD-BDAB-D8150B1875DC}"
EndProject
Project("{9A19103F-16F7-4668-BE54-9A1E7A4F7556}") = "Bank.Interview.Persistence", "Bank.Interview.Persistence\Bank.Interview.Persistence.csproj", "{541D111B-019B-4FCA-BB70-7645530B7ED2}"
EndProject
Project("{9A19103F-16F7-4668-BE54-9A1E7A4F7556}") = "Bank.Interview.Api", "Bank.Interview.Api\Bank.Interview.Api.csproj", "{96B2E9F1-BDAF-4E85-BE66-53CC31AADF03}"
EndProject
Project("{2150E333-8FDC-42A3-9474-1A3956D46DE8}") = "src", "src", "{581CC564-C721-46C3-A436-55943C8D5C2E}"
EndProject
Project("{2150E333-8FDC-42A3-9474-1A3956D46DE8}") = "test", "test", "{AA268B4D-15F5-4E93-9BF4-B63E9B4741BE}"
EndProject
Project("{2150E333-8FDC-42A3-9474-1A3956D46DE8}") = "Api", "Api", "{B1C958A5-4177-4DAB-A9D2-2E5D5C308C2A}"
EndProject
Project("{2150E333-8FDC-42A3-9474-1A3956D46DE8}") = "Application", "Application", "{C74EB4A5-D042-46F4-8D2D-04FDAE694662}"
EndProject
Project("{2150E333-8FDC-42A3-9474-1A3956D46DE8}") = "Infrastructure", "Infrastructure", "{A28EEC34-0453-4F75-A76E-B261DCA00699}"
EndProject
Project("{9A19103F-16F7-4668-BE54-9A1E7A4F7556}") = "Bank.Interview.ApplicationTest", "Bank.Interview.ApplicationTest\Bank.Interview.ApplicationTest.csproj", "{FD3EB10B-7F5D-447E-8CE3-2CF41F99A3B6}"
EndProject
Project("{FAE04EC0-301F-11D3-BF4B-00C04F79EFBC}") = "Bank.Interview.ApiTest", "Bank.Interview.ApiTest\Bank.Interview.ApiTest.csproj", "{768F2B11-2FE7-4C09-A3CB-CA0BDB52ED71}"
EndProject
Global
	GlobalSection(SolutionConfigurationPlatforms) = preSolution
		Debug|Any CPU = Debug|Any CPU
		Release|Any CPU = Release|Any CPU
	EndGlobalSection
	GlobalSection(ProjectConfigurationPlatforms) = postSolution
		{5F30E8FB-CE2C-4B4E-B7E7-4424A4EDF4B6}.Debug|Any CPU.ActiveCfg = Debug|Any CPU
		{5F30E8FB-CE2C-4B4E-B7E7-4424A4EDF4B6}.Debug|Any CPU.Build.0 = Debug|Any CPU
		{5F30E8FB-CE2C-4B4E-B7E7-4424A4EDF4B6}.Release|Any CPU.ActiveCfg = Release|Any CPU
		{5F30E8FB-CE2C-4B4E-B7E7-4424A4EDF4B6}.Release|Any CPU.Build.0 = Release|Any CPU
		{80A32719-9D46-4CDD-BDAB-D8150B1875DC}.Debug|Any CPU.ActiveCfg = Debug|Any CPU
		{80A32719-9D46-4CDD-BDAB-D8150B1875DC}.Debug|Any CPU.Build.0 = Debug|Any CPU
		{80A32719-9D46-4CDD-BDAB-D8150B1875DC}.Release|Any CPU.ActiveCfg = Release|Any CPU
		{80A32719-9D46-4CDD-BDAB-D8150B1875DC}.Release|Any CPU.Build.0 = Release|Any CPU
		{541D111B-019B-4FCA-BB70-7645530B7ED2}.Debug|Any CPU.ActiveCfg = Debug|Any CPU
		{541D111B-019B-4FCA-BB70-7645530B7ED2}.Debug|Any CPU.Build.0 = Debug|Any CPU
		{541D111B-019B-4FCA-BB70-7645530B7ED2}.Release|Any CPU.ActiveCfg = Release|Any CPU
		{541D111B-019B-4FCA-BB70-7645530B7ED2}.Release|Any CPU.Build.0 = Release|Any CPU
		{96B2E9F1-BDAF-4E85-BE66-53CC31AADF03}.Debug|Any CPU.ActiveCfg = Debug|Any CPU
		{96B2E9F1-BDAF-4E85-BE66-53CC31AADF03}.Debug|Any CPU.Build.0 = Debug|Any CPU
		{96B2E9F1-BDAF-4E85-BE66-53CC31AADF03}.Release|Any CPU.ActiveCfg = Release|Any CPU
		{96B2E9F1-BDAF-4E85-BE66-53CC31AADF03}.Release|Any CPU.Build.0 = Release|Any CPU
		{FD3EB10B-7F5D-447E-8CE3-2CF41F99A3B6}.Debug|Any CPU.ActiveCfg = Debug|Any CPU
		{FD3EB10B-7F5D-447E-8CE3-2CF41F99A3B6}.Debug|Any CPU.Build.0 = Debug|Any CPU
		{FD3EB10B-7F5D-447E-8CE3-2CF41F99A3B6}.Release|Any CPU.ActiveCfg = Release|Any CPU
		{FD3EB10B-7F5D-447E-8CE3-2CF41F99A3B6}.Release|Any CPU.Build.0 = Release|Any CPU
		{768F2B11-2FE7-4C09-A3CB-CA0BDB52ED71}.Debug|Any CPU.ActiveCfg = Debug|Any CPU
		{768F2B11-2FE7-4C09-A3CB-CA0BDB52ED71}.Debug|Any CPU.Build.0 = Debug|Any CPU
		{768F2B11-2FE7-4C09-A3CB-CA0BDB52ED71}.Release|Any CPU.ActiveCfg = Release|Any CPU
		{768F2B11-2FE7-4C09-A3CB-CA0BDB52ED71}.Release|Any CPU.Build.0 = Release|Any CPU
	EndGlobalSection
	GlobalSection(SolutionProperties) = preSolution
		HideSolutionNode = FALSE
	EndGlobalSection
	GlobalSection(NestedProjects) = preSolution
		{C44C2079-4028-4ADF-9459-C49990CC59DB} = {581CC564-C721-46C3-A436-55943C8D5C2E}
		{6F0D9C1B-EA1D-4242-B3D9-093FD092CC20} = {581CC564-C721-46C3-A436-55943C8D5C2E}
		{129A7EBD-40C9-443D-8755-06E81EDF4EE7} = {581CC564-C721-46C3-A436-55943C8D5C2E}
		{5F30E8FB-CE2C-4B4E-B7E7-4424A4EDF4B6} = {6F0D9C1B-EA1D-4242-B3D9-093FD092CC20}
		{80A32719-9D46-4CDD-BDAB-D8150B1875DC} = {6F0D9C1B-EA1D-4242-B3D9-093FD092CC20}
		{541D111B-019B-4FCA-BB70-7645530B7ED2} = {129A7EBD-40C9-443D-8755-06E81EDF4EE7}
		{96B2E9F1-BDAF-4E85-BE66-53CC31AADF03} = {C44C2079-4028-4ADF-9459-C49990CC59DB}
		{B1C958A5-4177-4DAB-A9D2-2E5D5C308C2A} = {AA268B4D-15F5-4E93-9BF4-B63E9B4741BE}
		{C74EB4A5-D042-46F4-8D2D-04FDAE694662} = {AA268B4D-15F5-4E93-9BF4-B63E9B4741BE}
		{A28EEC34-0453-4F75-A76E-B261DCA00699} = {AA268B4D-15F5-4E93-9BF4-B63E9B4741BE}
		{FD3EB10B-7F5D-447E-8CE3-2CF41F99A3B6} = {C74EB4A5-D042-46F4-8D2D-04FDAE694662}
		{768F2B11-2FE7-4C09-A3CB-CA0BDB52ED71} = {B1C958A5-4177-4DAB-A9D2-2E5D5C308C2A}
	EndGlobalSection
	GlobalSection(ExtensibilityGlobals) = postSolution
		SolutionGuid = {C0949530-9F61-4DED-B2D5-9C6E7B9022CB}
	EndGlobalSection
EndGlobal
